// !$*UTF8*$!
{
	archiveVersion = 1;
	classes = {
	};
	objectVersion = 42;
	objects = {

/* Begin PBXBuildFile section */
		3A1B95CA0B07ABF600D5CEA1 /* dvdrental.cpp in Sources */ = {isa = PBXBuildFile; fileRef = 3A1B95C60B07ABF600D5CEA1 /* dvdrental.cpp */; };
		3A1B95CB0B07ABF600D5CEA1 /* main.cpp in Sources */ = {isa = PBXBuildFile; fileRef = 3A1B95C80B07ABF600D5CEA1 /* main.cpp */; };
		3A1B95D90B07AC0600D5CEA1 /* customer.cpp in Sources */ = {isa = PBXBuildFile; fileRef = 3A1B95CD0B07AC0600D5CEA1 /* customer.cpp */; };
		3A1B95DA0B07AC0600D5CEA1 /* date.cpp in Sources */ = {isa = PBXBuildFile; fileRef = 3A1B95CF0B07AC0600D5CEA1 /* date.cpp */; };
		3A1B95DB0B07AC0600D5CEA1 /* dvd.cpp in Sources */ = {isa = PBXBuildFile; fileRef = 3A1B95D10B07AC0600D5CEA1 /* dvd.cpp */; };
		3A1B95DC0B07AC0600D5CEA1 /* item.cpp in Sources */ = {isa = PBXBuildFile; fileRef = 3A1B95D30B07AC0600D5CEA1 /* item.cpp */; };
		3A1B95DD0B07AC0600D5CEA1 /* rental.cpp in Sources */ = {isa = PBXBuildFile; fileRef = 3A1B95D50B07AC0600D5CEA1 /* rental.cpp */; };
		3A1B95DE0B07AC0600D5CEA1 /* vhs.cpp in Sources */ = {isa = PBXBuildFile; fileRef = 3A1B95D70B07AC0600D5CEA1 /* vhs.cpp */; };
		3A70AE950B078D22005F2325 /* libwx_mac-2.6.a in Frameworks */ = {isa = PBXBuildFile; fileRef = 3A70AE940B078D22005F2325 /* libwx_mac-2.6.a */; };
/* End PBXBuildFile section */

/* Begin PBXFileReference section */
		3A1B95C60B07ABF600D5CEA1 /* dvdrental.cpp */ = {isa = PBXFileReference; fileEncoding = 30; lastKnownFileType = sourcecode.cpp.cpp; name = dvdrental.cpp; path = ../src/ui/dvdrental.cpp; sourceTree = SOURCE_ROOT; };
		3A1B95C70B07ABF600D5CEA1 /* dvdrental.h */ = {isa = PBXFileReference; fileEncoding = 30; lastKnownFileType = sourcecode.c.h; name = dvdrental.h; path = ../src/ui/dvdrental.h; sourceTree = SOURCE_ROOT; };
		3A1B95C80B07ABF600D5CEA1 /* main.cpp */ = {isa = PBXFileReference; fileEncoding = 30; lastKnownFileType = sourcecode.cpp.cpp; name = main.cpp; path = ../src/ui/main.cpp; sourceTree = SOURCE_ROOT; };
		3A1B95C90B07ABF600D5CEA1 /* main.h */ = {isa = PBXFileReference; fileEncoding = 30; lastKnownFileType = sourcecode.c.h; name = main.h; path = ../src/ui/main.h; sourceTree = SOURCE_ROOT; };
		3A1B95CD0B07AC0600D5CEA1 /* customer.cpp */ = {isa = PBXFileReference; fileEncoding = 30; lastKnownFileType = sourcecode.cpp.cpp; name = customer.cpp; path = ../src/business/customer.cpp; sourceTree = SOURCE_ROOT; };
		3A1B95CE0B07AC0600D5CEA1 /* customer.h */ = {isa = PBXFileReference; fileEncoding = 30; lastKnownFileType = sourcecode.c.h; name = customer.h; path = ../src/business/customer.h; sourceTree = SOURCE_ROOT; };
		3A1B95CF0B07AC0600D5CEA1 /* date.cpp */ = {isa = PBXFileReference; fileEncoding = 30; lastKnownFileType = sourcecode.cpp.cpp; name = date.cpp; path = ../src/business/date.cpp; sourceTree = SOURCE_ROOT; };
		3A1B95D00B07AC0600D5CEA1 /* date.h */ = {isa = PBXFileReference; fileEncoding = 30; lastKnownFileType = sourcecode.c.h; name = date.h; path = ../src/business/date.h; sourceTree = SOURCE_ROOT; };
		3A1B95D10B07AC0600D5CEA1 /* dvd.cpp */ = {isa = PBXFileReference; fileEncoding = 30; lastKnownFileType = sourcecode.cpp.cpp; name = dvd.cpp; path = ../src/business/dvd.cpp; sourceTree = SOURCE_ROOT; };
		3A1B95D20B07AC0600D5CEA1 /* dvd.h */ = {isa = PBXFileReference; fileEncoding = 30; lastKnownFileType = sourcecode.c.h; name = dvd.h; path = ../src/business/dvd.h; sourceTree = SOURCE_ROOT; };
		3A1B95D30B07AC0600D5CEA1 /* item.cpp */ = {isa = PBXFileReference; fileEncoding = 30; lastKnownFileType = sourcecode.cpp.cpp; name = item.cpp; path = ../src/business/item.cpp; sourceTree = SOURCE_ROOT; };
		3A1B95D40B07AC0600D5CEA1 /* item.h */ = {isa = PBXFileReference; fileEncoding = 30; lastKnownFileType = sourcecode.c.h; name = item.h; path = ../src/business/item.h; sourceTree = SOURCE_ROOT; };
		3A1B95D50B07AC0600D5CEA1 /* rental.cpp */ = {isa = PBXFileReference; fileEncoding = 30; lastKnownFileType = sourcecode.cpp.cpp; name = rental.cpp; path = ../src/business/rental.cpp; sourceTree = SOURCE_ROOT; };
		3A1B95D60B07AC0600D5CEA1 /* rental.h */ = {isa = PBXFileReference; fileEncoding = 30; lastKnownFileType = sourcecode.c.h; name = rental.h; path = ../src/business/rental.h; sourceTree = SOURCE_ROOT; };
		3A1B95D70B07AC0600D5CEA1 /* vhs.cpp */ = {isa = PBXFileReference; fileEncoding = 30; lastKnownFileType = sourcecode.cpp.cpp; name = vhs.cpp; path = ../src/business/vhs.cpp; sourceTree = SOURCE_ROOT; };
		3A1B95D80B07AC0600D5CEA1 /* vhs.h */ = {isa = PBXFileReference; fileEncoding = 30; lastKnownFileType = sourcecode.c.h; name = vhs.h; path = ../src/business/vhs.h; sourceTree = SOURCE_ROOT; };
		3A70AE8A0B078C8E005F2325 /* DVDRental.app */ = {isa = PBXFileReference; includeInIndex = 0; lastKnownFileType = wrapper.application; path = DVDRental.app; sourceTree = BUILT_PRODUCTS_DIR; };
		3A70AE940B078D22005F2325 /* libwx_mac-2.6.a */ = {isa = PBXFileReference; lastKnownFileType = archive.ar; name = "libwx_mac-2.6.a"; path = "/usr/local/lib/libwx_mac-2.6.a"; sourceTree = "<absolute>"; };
/* End PBXFileReference section */

/* Begin PBXFrameworksBuildPhase section */
		3A70AE880B078C8E005F2325 /* Frameworks */ = {
			isa = PBXFrameworksBuildPhase;
			buildActionMask = 2147483647;
			files = (
				3A70AE950B078D22005F2325 /* libwx_mac-2.6.a in Frameworks */,
			);
			runOnlyForDeploymentPostprocessing = 0;
		};
/* End PBXFrameworksBuildPhase section */

/* Begin PBXGroup section */
		3A1B95CC0B07ABF800D5CEA1 /* Business */ = {
			isa = PBXGroup;
			children = (
				3A1B95CD0B07AC0600D5CEA1 /* customer.cpp */,
				3A1B95CE0B07AC0600D5CEA1 /* customer.h */,
				3A1B95CF0B07AC0600D5CEA1 /* date.cpp */,
				3A1B95D00B07AC0600D5CEA1 /* date.h */,
				3A1B95D10B07AC0600D5CEA1 /* dvd.cpp */,
				3A1B95D20B07AC0600D5CEA1 /* dvd.h */,
				3A1B95D30B07AC0600D5CEA1 /* item.cpp */,
				3A1B95D40B07AC0600D5CEA1 /* item.h */,
				3A1B95D50B07AC0600D5CEA1 /* rental.cpp */,
				3A1B95D60B07AC0600D5CEA1 /* rental.h */,
				3A1B95D70B07AC0600D5CEA1 /* vhs.cpp */,
				3A1B95D80B07AC0600D5CEA1 /* vhs.h */,
			);
			name = Business;
			sourceTree = "<group>";
		};
		3A70AE7F0B078C15005F2325 /* UI */ = {
			isa = PBXGroup;
			children = (
				3A1B95C60B07ABF600D5CEA1 /* dvdrental.cpp */,
				3A1B95C70B07ABF600D5CEA1 /* dvdrental.h */,
				3A1B95C80B07ABF600D5CEA1 /* main.cpp */,
				3A1B95C90B07ABF600D5CEA1 /* main.h */,
			);
			name = UI;
			sourceTree = "<group>";
		};
		3A70AE8B0B078C8E005F2325 /* Products */ = {
			isa = PBXGroup;
			children = (
				3A70AE8A0B078C8E005F2325 /* DVDRental.app */,
			);
			name = Products;
			sourceTree = "<group>";
		};
		3AE327380B079227000D25EA /* Libraries */ = {
			isa = PBXGroup;
			children = (
				3A70AE940B078D22005F2325 /* libwx_mac-2.6.a */,
			);
			name = Libraries;
			sourceTree = "<group>";
		};
		3AEB35530B078AD600618480 = {
			isa = PBXGroup;
			children = (
				3A1B95CC0B07ABF800D5CEA1 /* Business */,
				3AE327380B079227000D25EA /* Libraries */,
				3A70AE7F0B078C15005F2325 /* UI */,
				3A70AE8B0B078C8E005F2325 /* Products */,
			);
			sourceTree = "<group>";
		};
/* End PBXGroup section */

/* Begin PBXNativeTarget section */
		3A70AE890B078C8E005F2325 /* DVDRental */ = {
			isa = PBXNativeTarget;
			buildConfigurationList = 3A70AE8E0B078C8E005F2325 /* Build configuration list for PBXNativeTarget "DVDRental" */;
			buildPhases = (
				3A70AE860B078C8E005F2325 /* Resources */,
				3A70AE870B078C8E005F2325 /* Sources */,
				3A70AE880B078C8E005F2325 /* Frameworks */,
			);
			buildRules = (
			);
			dependencies = (
			);
			name = DVDRental;
			productName = DVDRental;
			productReference = 3A70AE8A0B078C8E005F2325 /* DVDRental.app */;
			productType = "com.apple.product-type.application";
		};
/* End PBXNativeTarget section */

/* Begin PBXProject section */
		3AEB35550B078AD600618480 /* Project object */ = {
			isa = PBXProject;
			buildConfigurationList = 3AEB35560B078AD600618480 /* Build configuration list for PBXProject "dvdrental" */;
			hasScannedForEncodings = 0;
			mainGroup = 3AEB35530B078AD600618480;
			productRefGroup = 3A70AE8B0B078C8E005F2325 /* Products */;
			projectDirPath = "";
			targets = (
				3A70AE890B078C8E005F2325 /* DVDRental */,
			);
		};
/* End PBXProject section */

/* Begin PBXResourcesBuildPhase section */
		3A70AE860B078C8E005F2325 /* Resources */ = {
			isa = PBXResourcesBuildPhase;
			buildActionMask = 2147483647;
			files = (
			);
			runOnlyForDeploymentPostprocessing = 0;
		};
/* End PBXResourcesBuildPhase section */

/* Begin PBXSourcesBuildPhase section */
		3A70AE870B078C8E005F2325 /* Sources */ = {
			isa = PBXSourcesBuildPhase;
			buildActionMask = 2147483647;
			files = (
				3A1B95CA0B07ABF600D5CEA1 /* dvdrental.cpp in Sources */,
				3A1B95CB0B07ABF600D5CEA1 /* main.cpp in Sources */,
				3A1B95D90B07AC0600D5CEA1 /* customer.cpp in Sources */,
				3A1B95DA0B07AC0600D5CEA1 /* date.cpp in Sources */,
				3A1B95DB0B07AC0600D5CEA1 /* dvd.cpp in Sources */,
				3A1B95DC0B07AC0600D5CEA1 /* item.cpp in Sources */,
				3A1B95DD0B07AC0600D5CEA1 /* rental.cpp in Sources */,
				3A1B95DE0B07AC0600D5CEA1 /* vhs.cpp in Sources */,
			);
			runOnlyForDeploymentPostprocessing = 0;
		};
/* End PBXSourcesBuildPhase section */

/* Begin XCBuildConfiguration section */
		3A70AE8F0B078C8E005F2325 /* Debug */ = {
			isa = XCBuildConfiguration;
			buildSettings = {
				COPY_PHASE_STRIP = NO;
				GCC_DYNAMIC_NO_PIC = NO;
				GCC_ENABLE_FIX_AND_CONTINUE = YES;
				GCC_GENERATE_DEBUGGING_SYMBOLS = YES;
				GCC_MODEL_TUNING = G5;
				GCC_OPTIMIZATION_LEVEL = 0;
				GCC_PRECOMPILE_PREFIX_HEADER = YES;
				GCC_PREFIX_HEADER = "$(SYSTEM_LIBRARY_DIR)/Frameworks/Carbon.framework/Headers/Carbon.h";
				HEADER_SEARCH_PATHS = (
					"/usr/local/lib/wx/include/mac-ansi-release-static-2.6",
					"/usr/local/include/wx-2.6",
					/usr/include,
				);
				INFOPLIST_FILE = "";
				INSTALL_PATH = "$(HOME)/Applications";
				LIBRARY_SEARCH_PATHS = /usr/local/lib;
				OTHER_CPLUSPLUSFLAGS = (
					"-D__WXMAC__",
					"-D_FILE_OFFSET_BITS=64",
					"-D_LARGE_FILES",
					"-DNO_GCC_PRAGMA",
				);
				OTHER_LDFLAGS = (
					"-framework",
					IOKit,
					"-framework",
					Carbon,
					"-framework",
					System,
					"-liconv",
				);
				PREBINDING = NO;
				PRECOMPS_INCLUDE_HEADERS_FROM_BUILT_PRODUCTS_DIR = NO;
				PRODUCT_NAME = DVDRental;
				WRAPPER_EXTENSION = app;
				ZERO_LINK = NO;
			};
			name = Debug;
		};
		3A70AE900B078C8E005F2325 /* Release */ = {
			isa = XCBuildConfiguration;
			buildSettings = {
				COPY_PHASE_STRIP = YES;
				GCC_ENABLE_FIX_AND_CONTINUE = NO;
				GCC_GENERATE_DEBUGGING_SYMBOLS = NO;
				GCC_MODEL_TUNING = G5;
				GCC_PRECOMPILE_PREFIX_HEADER = YES;
				GCC_PREFIX_HEADER = "$(SYSTEM_LIBRARY_DIR)/Frameworks/Carbon.framework/Headers/Carbon.h";
				HEADER_SEARCH_PATHS = (
					"/usr/local/lib/wx/include/mac-ansi-release-static-2.6",
					"/usr/local/include/wx-2.6",
					/usr/include,
				);
				INFOPLIST_FILE = "";
				INSTALL_PATH = "$(HOME)/Applications";
				LIBRARY_SEARCH_PATHS = /usr/local/lib;
				OTHER_CPLUSPLUSFLAGS = (
					"-D__WXMAC__",
					"-D_FILE_OFFSET_BITS=64",
					"-D_LARGE_FILES",
					"-DNO_GCC_PRAGMA",
				);
				OTHER_LDFLAGS = (
					"-framework",
					IOKit,
					"-framework",
					Carbon,
					"-framework",
					System,
					"-liconv",
				);
				PREBINDING = NO;
				PRECOMPS_INCLUDE_HEADERS_FROM_BUILT_PRODUCTS_DIR = NO;
				PRODUCT_NAME = DVDRental;
				WRAPPER_EXTENSION = app;
				ZERO_LINK = NO;
			};
			name = Release;
		};
		3AEB35570B078AD600618480 /* Debug */ = {
			isa = XCBuildConfiguration;
			buildSettings = {
				COPY_PHASE_STRIP = NO;
			};
			name = Debug;
		};
		3AEB35580B078AD600618480 /* Release */ = {
			isa = XCBuildConfiguration;
			buildSettings = {
				COPY_PHASE_STRIP = YES;
			};
			name = Release;
		};
/* End XCBuildConfiguration section */

/* Begin XCConfigurationList section */
		3A70AE8E0B078C8E005F2325 /* Build configuration list for PBXNativeTarget "DVDRental" */ = {
			isa = XCConfigurationList;
			buildConfigurations = (
				3A70AE8F0B078C8E005F2325 /* Debug */,
				3A70AE900B078C8E005F2325 /* Release */,
			);
			defaultConfigurationIsVisible = 0;
			defaultConfigurationName = Release;
		};
		3AEB35560B078AD600618480 /* Build configuration list for PBXProject "dvdrental" */ = {
			isa = XCConfigurationList;
			buildConfigurations = (
				3AEB35570B078AD600618480 /* Debug */,
				3AEB35580B078AD600618480 /* Release */,
			);
			defaultConfigurationIsVisible = 0;
			defaultConfigurationName = Release;
		};
/* End XCConfigurationList section */
	};
	rootObject = 3AEB35550B078AD600618480 /* Project object */;
}
